// !$*UTF8*$!
{
	archiveVersion = 1;
	classes = {
	};
	objectVersion = 56;
	objects = {

/* Begin PBXBuildFile section */
		944BC9A729DD7CBF00E4054D /* AppDelegate.swift in Sources */ = {isa = PBXBuildFile; fileRef = 944BC9A629DD7CBF00E4054D /* AppDelegate.swift */; };
		944BC9A929DD7CBF00E4054D /* SceneDelegate.swift in Sources */ = {isa = PBXBuildFile; fileRef = 944BC9A829DD7CBF00E4054D /* SceneDelegate.swift */; };
		944BC9AB29DD7CBF00E4054D /* ViewController.swift in Sources */ = {isa = PBXBuildFile; fileRef = 944BC9AA29DD7CBF00E4054D /* ViewController.swift */; };
		944BC9B029DD7CC000E4054D /* Assets.xcassets in Resources */ = {isa = PBXBuildFile; fileRef = 944BC9AF29DD7CC000E4054D /* Assets.xcassets */; };
		944BC9B329DD7CC000E4054D /* LaunchScreen.storyboard in Resources */ = {isa = PBXBuildFile; fileRef = 944BC9B129DD7CC000E4054D /* LaunchScreen.storyboard */; };
		944BC9BD29DD903D00E4054D /* WelcomeViewController.swift in Sources */ = {isa = PBXBuildFile; fileRef = 944BC9BC29DD903D00E4054D /* WelcomeViewController.swift */; };
		944BC9BF29DD90AB00E4054D /* Extensions.swift in Sources */ = {isa = PBXBuildFile; fileRef = 944BC9BE29DD90AB00E4054D /* Extensions.swift */; };
		944BC9C329DED5F200E4054D /* WelcomeBackViewController.swift in Sources */ = {isa = PBXBuildFile; fileRef = 944BC9C229DED5F200E4054D /* WelcomeBackViewController.swift */; };
		944BC9C529DEE24300E4054D /* MobileNumberViewController.swift in Sources */ = {isa = PBXBuildFile; fileRef = 944BC9C429DEE24300E4054D /* MobileNumberViewController.swift */; };
		944BC9C729DF0B3100E4054D /* VerifAccViewController.swift in Sources */ = {isa = PBXBuildFile; fileRef = 944BC9C629DF0B3100E4054D /* VerifAccViewController.swift */; };
		944BC9CD29E05FA300E4054D /* AccountCreatedViewController.swift in Sources */ = {isa = PBXBuildFile; fileRef = 944BC9CC29E05FA300E4054D /* AccountCreatedViewController.swift */; };
		944BC9CF29E067CC00E4054D /* HomePageViewController.swift in Sources */ = {isa = PBXBuildFile; fileRef = 944BC9CE29E067CC00E4054D /* HomePageViewController.swift */; };
		944BC9D329E697A100E4054D /* HomeViewController.swift in Sources */ = {isa = PBXBuildFile; fileRef = 944BC9D229E697A100E4054D /* HomeViewController.swift */; };
/* End PBXBuildFile section */

/* Begin PBXFileReference section */
		944BC9A329DD7CBF00E4054D /* BankAppSketch.app */ = {isa = PBXFileReference; explicitFileType = wrapper.application; includeInIndex = 0; path = BankAppSketch.app; sourceTree = BUILT_PRODUCTS_DIR; };
		944BC9A629DD7CBF00E4054D /* AppDelegate.swift */ = {isa = PBXFileReference; lastKnownFileType = sourcecode.swift; path = AppDelegate.swift; sourceTree = "<group>"; };
		944BC9A829DD7CBF00E4054D /* SceneDelegate.swift */ = {isa = PBXFileReference; lastKnownFileType = sourcecode.swift; path = SceneDelegate.swift; sourceTree = "<group>"; };
		944BC9AA29DD7CBF00E4054D /* ViewController.swift */ = {isa = PBXFileReference; lastKnownFileType = sourcecode.swift; path = ViewController.swift; sourceTree = "<group>"; };
		944BC9AF29DD7CC000E4054D /* Assets.xcassets */ = {isa = PBXFileReference; lastKnownFileType = folder.assetcatalog; path = Assets.xcassets; sourceTree = "<group>"; };
		944BC9B229DD7CC000E4054D /* Base */ = {isa = PBXFileReference; lastKnownFileType = file.storyboard; name = Base; path = Base.lproj/LaunchScreen.storyboard; sourceTree = "<group>"; };
		944BC9B429DD7CC000E4054D /* Info.plist */ = {isa = PBXFileReference; lastKnownFileType = text.plist.xml; path = Info.plist; sourceTree = "<group>"; };
		944BC9BC29DD903D00E4054D /* WelcomeViewController.swift */ = {isa = PBXFileReference; lastKnownFileType = sourcecode.swift; path = WelcomeViewController.swift; sourceTree = "<group>"; };
		944BC9BE29DD90AB00E4054D /* Extensions.swift */ = {isa = PBXFileReference; lastKnownFileType = sourcecode.swift; path = Extensions.swift; sourceTree = "<group>"; };
		944BC9C229DED5F200E4054D /* WelcomeBackViewController.swift */ = {isa = PBXFileReference; lastKnownFileType = sourcecode.swift; path = WelcomeBackViewController.swift; sourceTree = "<group>"; };
		944BC9C429DEE24300E4054D /* MobileNumberViewController.swift */ = {isa = PBXFileReference; lastKnownFileType = sourcecode.swift; path = MobileNumberViewController.swift; sourceTree = "<group>"; };
		944BC9C629DF0B3100E4054D /* VerifAccViewController.swift */ = {isa = PBXFileReference; lastKnownFileType = sourcecode.swift; path = VerifAccViewController.swift; sourceTree = "<group>"; };
		944BC9CC29E05FA300E4054D /* AccountCreatedViewController.swift */ = {isa = PBXFileReference; lastKnownFileType = sourcecode.swift; path = AccountCreatedViewController.swift; sourceTree = "<group>"; };
		944BC9CE29E067CC00E4054D /* HomePageViewController.swift */ = {isa = PBXFileReference; lastKnownFileType = sourcecode.swift; path = HomePageViewController.swift; sourceTree = "<group>"; };
		944BC9D229E697A100E4054D /* HomeViewController.swift */ = {isa = PBXFileReference; lastKnownFileType = sourcecode.swift; path = HomeViewController.swift; sourceTree = "<group>"; };
/* End PBXFileReference section */

/* Begin PBXFrameworksBuildPhase section */
		944BC9A029DD7CBF00E4054D /* Frameworks */ = {
			isa = PBXFrameworksBuildPhase;
			buildActionMask = 2147483647;
			files = (
			);
			runOnlyForDeploymentPostprocessing = 0;
		};
/* End PBXFrameworksBuildPhase section */

/* Begin PBXGroup section */
		944BC99A29DD7CBF00E4054D = {
			isa = PBXGroup;
			children = (
				944BC9A529DD7CBF00E4054D /* BankAppSketch */,
				944BC9A429DD7CBF00E4054D /* Products */,
			);
			sourceTree = "<group>";
		};
		944BC9A429DD7CBF00E4054D /* Products */ = {
			isa = PBXGroup;
			children = (
				944BC9A329DD7CBF00E4054D /* BankAppSketch.app */,
			);
			name = Products;
			sourceTree = "<group>";
		};
		944BC9A529DD7CBF00E4054D /* BankAppSketch */ = {
			isa = PBXGroup;
			children = (
				944BC9A629DD7CBF00E4054D /* AppDelegate.swift */,
				944BC9A829DD7CBF00E4054D /* SceneDelegate.swift */,
				944BC9AA29DD7CBF00E4054D /* ViewController.swift */,
				944BC9AF29DD7CC000E4054D /* Assets.xcassets */,
				944BC9B129DD7CC000E4054D /* LaunchScreen.storyboard */,
				944BC9B429DD7CC000E4054D /* Info.plist */,
				944BC9BC29DD903D00E4054D /* WelcomeViewController.swift */,
				944BC9C229DED5F200E4054D /* WelcomeBackViewController.swift */,
				944BC9C429DEE24300E4054D /* MobileNumberViewController.swift */,
				944BC9C629DF0B3100E4054D /* VerifAccViewController.swift */,
				944BC9CC29E05FA300E4054D /* AccountCreatedViewController.swift */,
				944BC9CE29E067CC00E4054D /* HomePageViewController.swift */,
				944BC9BE29DD90AB00E4054D /* Extensions.swift */,
				944BC9D229E697A100E4054D /* HomeViewController.swift */,
			);
			path = BankAppSketch;
			sourceTree = "<group>";
		};
/* End PBXGroup section */

/* Begin PBXNativeTarget section */
		944BC9A229DD7CBF00E4054D /* BankAppSketch */ = {
			isa = PBXNativeTarget;
			buildConfigurationList = 944BC9B729DD7CC000E4054D /* Build configuration list for PBXNativeTarget "BankAppSketch" */;
			buildPhases = (
				944BC99F29DD7CBF00E4054D /* Sources */,
				944BC9A029DD7CBF00E4054D /* Frameworks */,
				944BC9A129DD7CBF00E4054D /* Resources */,
			);
			buildRules = (
			);
			dependencies = (
			);
			name = BankAppSketch;
			productName = BankAppSketch;
			productReference = 944BC9A329DD7CBF00E4054D /* BankAppSketch.app */;
			productType = "com.apple.product-type.application";
		};
/* End PBXNativeTarget section */

/* Begin PBXProject section */
		944BC99B29DD7CBF00E4054D /* Project object */ = {
			isa = PBXProject;
			attributes = {
				BuildIndependentTargetsInParallel = 1;
				LastSwiftUpdateCheck = 1420;
				LastUpgradeCheck = 1420;
				TargetAttributes = {
					944BC9A229DD7CBF00E4054D = {
						CreatedOnToolsVersion = 14.2;
					};
				};
			};
			buildConfigurationList = 944BC99E29DD7CBF00E4054D /* Build configuration list for PBXProject "BankAppSketch" */;
			compatibilityVersion = "Xcode 14.0";
			developmentRegion = en;
			hasScannedForEncodings = 0;
			knownRegions = (
				en,
				Base,
			);
			mainGroup = 944BC99A29DD7CBF00E4054D;
			productRefGroup = 944BC9A429DD7CBF00E4054D /* Products */;
			projectDirPath = "";
			projectRoot = "";
			targets = (
				944BC9A229DD7CBF00E4054D /* BankAppSketch */,
			);
		};
/* End PBXProject section */

/* Begin PBXResourcesBuildPhase section */
		944BC9A129DD7CBF00E4054D /* Resources */ = {
			isa = PBXResourcesBuildPhase;
			buildActionMask = 2147483647;
			files = (
				944BC9B329DD7CC000E4054D /* LaunchScreen.storyboard in Resources */,
				944BC9B029DD7CC000E4054D /* Assets.xcassets in Resources */,
			);
			runOnlyForDeploymentPostprocessing = 0;
		};
/* End PBXResourcesBuildPhase section */

/* Begin PBXSourcesBuildPhase section */
		944BC99F29DD7CBF00E4054D /* Sources */ = {
			isa = PBXSourcesBuildPhase;
			buildActionMask = 2147483647;
			files = (
				944BC9C329DED5F200E4054D /* WelcomeBackViewController.swift in Sources */,
				944BC9C729DF0B3100E4054D /* VerifAccViewController.swift in Sources */,
				944BC9AB29DD7CBF00E4054D /* ViewController.swift in Sources */,
				944BC9CD29E05FA300E4054D /* AccountCreatedViewController.swift in Sources */,
				944BC9BF29DD90AB00E4054D /* Extensions.swift in Sources */,
				944BC9A729DD7CBF00E4054D /* AppDelegate.swift in Sources */,
				944BC9BD29DD903D00E4054D /* WelcomeViewController.swift in Sources */,
				944BC9D329E697A100E4054D /* HomeViewController.swift in Sources */,
				944BC9A929DD7CBF00E4054D /* SceneDelegate.swift in Sources */,
				944BC9CF29E067CC00E4054D /* HomePageViewController.swift in Sources */,
				944BC9C529DEE24300E4054D /* MobileNumberViewController.swift in Sources */,
			);
			runOnlyForDeploymentPostprocessing = 0;
		};
/* End PBXSourcesBuildPhase section */

/* Begin PBXVariantGroup section */
		944BC9B129DD7CC000E4054D /* LaunchScreen.storyboard */ = {
			isa = PBXVariantGroup;
			children = (
				944BC9B229DD7CC000E4054D /* Base */,
			);
			name = LaunchScreen.storyboard;
			sourceTree = "<group>";
		};
/* End PBXVariantGroup section */

/* Begin XCBuildConfiguration section */
		944BC9B529DD7CC000E4054D /* Debug */ = {
			isa = XCBuildConfiguration;
			buildSettings = {
				ALWAYS_SEARCH_USER_PATHS = NO;
				CLANG_ANALYZER_NONNULL = YES;
				CLANG_ANALYZER_NUMBER_OBJECT_CONVERSION = YES_AGGRESSIVE;
				CLANG_CXX_LANGUAGE_STANDARD = "gnu++20";
				CLANG_ENABLE_MODULES = YES;
				CLANG_ENABLE_OBJC_ARC = YES;
				CLANG_ENABLE_OBJC_WEAK = YES;
				CLANG_WARN_BLOCK_CAPTURE_AUTORELEASING = YES;
				CLANG_WARN_BOOL_CONVERSION = YES;
				CLANG_WARN_COMMA = YES;
				CLANG_WARN_CONSTANT_CONVERSION = YES;
				CLANG_WARN_DEPRECATED_OBJC_IMPLEMENTATIONS = YES;
				CLANG_WARN_DIRECT_OBJC_ISA_USAGE = YES_ERROR;
				CLANG_WARN_DOCUMENTATION_COMMENTS = YES;
				CLANG_WARN_EMPTY_BODY = YES;
				CLANG_WARN_ENUM_CONVERSION = YES;
				CLANG_WARN_INFINITE_RECURSION = YES;
				CLANG_WARN_INT_CONVERSION = YES;
				CLANG_WARN_NON_LITERAL_NULL_CONVERSION = YES;
				CLANG_WARN_OBJC_IMPLICIT_RETAIN_SELF = YES;
				CLANG_WARN_OBJC_LITERAL_CONVERSION = YES;
				CLANG_WARN_OBJC_ROOT_CLASS = YES_ERROR;
				CLANG_WARN_QUOTED_INCLUDE_IN_FRAMEWORK_HEADER = YES;
				CLANG_WARN_RANGE_LOOP_ANALYSIS = YES;
				CLANG_WARN_STRICT_PROTOTYPES = YES;
				CLANG_WARN_SUSPICIOUS_MOVE = YES;
				CLANG_WARN_UNGUARDED_AVAILABILITY = YES_AGGRESSIVE;
				CLANG_WARN_UNREACHABLE_CODE = YES;
				CLANG_WARN__DUPLICATE_METHOD_MATCH = YES;
				COPY_PHASE_STRIP = NO;
				DEBUG_INFORMATION_FORMAT = dwarf;
				ENABLE_STRICT_OBJC_MSGSEND = YES;
				ENABLE_TESTABILITY = YES;
				GCC_C_LANGUAGE_STANDARD = gnu11;
				GCC_DYNAMIC_NO_PIC = NO;
				GCC_NO_COMMON_BLOCKS = YES;
				GCC_OPTIMIZATION_LEVEL = 0;
				GCC_PREPROCESSOR_DEFINITIONS = (
					"DEBUG=1",
					"$(inherited)",
				);
				GCC_WARN_64_TO_32_BIT_CONVERSION = YES;
				GCC_WARN_ABOUT_RETURN_TYPE = YES_ERROR;
				GCC_WARN_UNDECLARED_SELECTOR = YES;
				GCC_WARN_UNINITIALIZED_AUTOS = YES_AGGRESSIVE;
				GCC_WARN_UNUSED_FUNCTION = YES;
				GCC_WARN_UNUSED_VARIABLE = YES;
				IPHONEOS_DEPLOYMENT_TARGET = 16.2;
				MTL_ENABLE_DEBUG_INFO = INCLUDE_SOURCE;
				MTL_FAST_MATH = YES;
				ONLY_ACTIVE_ARCH = YES;
				SDKROOT = iphoneos;
				SWIFT_ACTIVE_COMPILATION_CONDITIONS = DEBUG;
				SWIFT_OPTIMIZATION_LEVEL = "-Onone";
			};
			name = Debug;
		};
		944BC9B629DD7CC000E4054D /* Release */ = {
			isa = XCBuildConfiguration;
			buildSettings = {
				ALWAYS_SEARCH_USER_PATHS = NO;
				CLANG_ANALYZER_NONNULL = YES;
				CLANG_ANALYZER_NUMBER_OBJECT_CONVERSION = YES_AGGRESSIVE;
				CLANG_CXX_LANGUAGE_STANDARD = "gnu++20";
				CLANG_ENABLE_MODULES = YES;
				CLANG_ENABLE_OBJC_ARC = YES;
				CLANG_ENABLE_OBJC_WEAK = YES;
				CLANG_WARN_BLOCK_CAPTURE_AUTORELEASING = YES;
				CLANG_WARN_BOOL_CONVERSION = YES;
				CLANG_WARN_COMMA = YES;
				CLANG_WARN_CONSTANT_CONVERSION = YES;
				CLANG_WARN_DEPRECATED_OBJC_IMPLEMENTATIONS = YES;
				CLANG_WARN_DIRECT_OBJC_ISA_USAGE = YES_ERROR;
				CLANG_WARN_DOCUMENTATION_COMMENTS = YES;
				CLANG_WARN_EMPTY_BODY = YES;
				CLANG_WARN_ENUM_CONVERSION = YES;
				CLANG_WARN_INFINITE_RECURSION = YES;
				CLANG_WARN_INT_CONVERSION = YES;
				CLANG_WARN_NON_LITERAL_NULL_CONVERSION = YES;
				CLANG_WARN_OBJC_IMPLICIT_RETAIN_SELF = YES;
				CLANG_WARN_OBJC_LITERAL_CONVERSION = YES;
				CLANG_WARN_OBJC_ROOT_CLASS = YES_ERROR;
				CLANG_WARN_QUOTED_INCLUDE_IN_FRAMEWORK_HEADER = YES;
				CLANG_WARN_RANGE_LOOP_ANALYSIS = YES;
				CLANG_WARN_STRICT_PROTOTYPES = YES;
				CLANG_WARN_SUSPICIOUS_MOVE = YES;
				CLANG_WARN_UNGUARDED_AVAILABILITY = YES_AGGRESSIVE;
				CLANG_WARN_UNREACHABLE_CODE = YES;
				CLANG_WARN__DUPLICATE_METHOD_MATCH = YES;
				COPY_PHASE_STRIP = NO;
				DEBUG_INFORMATION_FORMAT = "dwarf-with-dsym";
				ENABLE_NS_ASSERTIONS = NO;
				ENABLE_STRICT_OBJC_MSGSEND = YES;
				GCC_C_LANGUAGE_STANDARD = gnu11;
				GCC_NO_COMMON_BLOCKS = YES;
				GCC_WARN_64_TO_32_BIT_CONVERSION = YES;
				GCC_WARN_ABOUT_RETURN_TYPE = YES_ERROR;
				GCC_WARN_UNDECLARED_SELECTOR = YES;
				GCC_WARN_UNINITIALIZED_AUTOS = YES_AGGRESSIVE;
				GCC_WARN_UNUSED_FUNCTION = YES;
				GCC_WARN_UNUSED_VARIABLE = YES;
				IPHONEOS_DEPLOYMENT_TARGET = 16.2;
				MTL_ENABLE_DEBUG_INFO = NO;
				MTL_FAST_MATH = YES;
				SDKROOT = iphoneos;
				SWIFT_COMPILATION_MODE = wholemodule;
				SWIFT_OPTIMIZATION_LEVEL = "-O";
				VALIDATE_PRODUCT = YES;
			};
			name = Release;
		};
		944BC9B829DD7CC000E4054D /* Debug */ = {
			isa = XCBuildConfiguration;
			buildSettings = {
				ASSETCATALOG_COMPILER_APPICON_NAME = AppIcon;
				ASSETCATALOG_COMPILER_GLOBAL_ACCENT_COLOR_NAME = AccentColor;
				CODE_SIGN_STYLE = Automatic;
				CURRENT_PROJECT_VERSION = 1;
				DEVELOPMENT_TEAM = U3CGT88S32;
				GENERATE_INFOPLIST_FILE = YES;
				INFOPLIST_FILE = BankAppSketch/Info.plist;
				INFOPLIST_KEY_UIApplicationSupportsIndirectInputEvents = YES;
				INFOPLIST_KEY_UILaunchStoryboardName = LaunchScreen;
				INFOPLIST_KEY_UISupportedInterfaceOrientations = UIInterfaceOrientationPortrait;
				INFOPLIST_KEY_UISupportedInterfaceOrientations_iPad = "UIInterfaceOrientationLandscapeLeft UIInterfaceOrientationLandscapeRight UIInterfaceOrientationPortrait UIInterfaceOrientationPortraitUpsideDown";
				IPHONEOS_DEPLOYMENT_TARGET = 14.0;
				LD_RUNPATH_SEARCH_PATHS = (
					"$(inherited)",
					"@executable_path/Frameworks",
				);
				MARKETING_VERSION = 1.0;
				PRODUCT_BUNDLE_IDENTIFIER = com.myorganization.BankAppSketch;
				PRODUCT_NAME = "$(TARGET_NAME)";
				SWIFT_EMIT_LOC_STRINGS = YES;
				SWIFT_VERSION = 5.0;
				TARGETED_DEVICE_FAMILY = "1,2";
			};
			name = Debug;
		};
		944BC9B929DD7CC000E4054D /* Release */ = {
			isa = XCBuildConfiguration;
			buildSettings = {
				ASSETCATALOG_COMPILER_APPICON_NAME = AppIcon;
				ASSETCATALOG_COMPILER_GLOBAL_ACCENT_COLOR_NAME = AccentColor;
				CODE_SIGN_STYLE = Automatic;
				CURRENT_PROJECT_VERSION = 1;
				DEVELOPMENT_TEAM = U3CGT88S32;
				GENERATE_INFOPLIST_FILE = YES;
				INFOPLIST_FILE = BankAppSketch/Info.plist;
				INFOPLIST_KEY_UIApplicationSupportsIndirectInputEvents = YES;
				INFOPLIST_KEY_UILaunchStoryboardName = LaunchScreen;
				INFOPLIST_KEY_UISupportedInterfaceOrientations = UIInterfaceOrientationPortrait;
				INFOPLIST_KEY_UISupportedInterfaceOrientations_iPad = "UIInterfaceOrientationLandscapeLeft UIInterfaceOrientationLandscapeRight UIInterfaceOrientationPortrait UIInterfaceOrientationPortraitUpsideDown";
				IPHONEOS_DEPLOYMENT_TARGET = 14.0;
				LD_RUNPATH_SEARCH_PATHS = (
					"$(inherited)",
					"@executable_path/Frameworks",
				);
				MARKETING_VERSION = 1.0;
				PRODUCT_BUNDLE_IDENTIFIER = com.myorganization.BankAppSketch;
				PRODUCT_NAME = "$(TARGET_NAME)";
				SWIFT_EMIT_LOC_STRINGS = YES;
				SWIFT_VERSION = 5.0;
				TARGETED_DEVICE_FAMILY = "1,2";
			};
			name = Release;
		};
/* End XCBuildConfiguration section */

/* Begin XCConfigurationList section */
		944BC99E29DD7CBF00E4054D /* Build configuration list for PBXProject "BankAppSketch" */ = {
			isa = XCConfigurationList;
			buildConfigurations = (
				944BC9B529DD7CC000E4054D /* Debug */,
				944BC9B629DD7CC000E4054D /* Release */,
			);
			defaultConfigurationIsVisible = 0;
			defaultConfigurationName = Release;
		};
		944BC9B729DD7CC000E4054D /* Build configuration list for PBXNativeTarget "BankAppSketch" */ = {
			isa = XCConfigurationList;
			buildConfigurations = (
				944BC9B829DD7CC000E4054D /* Debug */,
				944BC9B929DD7CC000E4054D /* Release */,
			);
			defaultConfigurationIsVisible = 0;
			defaultConfigurationName = Release;
		};
/* End XCConfigurationList section */
	};
	rootObject = 944BC99B29DD7CBF00E4054D /* Project object */;
}
